// !$*UTF8*$!
{
	archiveVersion = 1;
	classes = {
	};
	objectVersion = 52;
	objects = {

/* Begin PBXBuildFile section */
		3D1A8D1326285CD400691570 /* AppDelegate.swift in Sources */ = {isa = PBXBuildFile; fileRef = 3D1A8D1226285CD400691570 /* AppDelegate.swift */; };
		3D1A8D1526285CD400691570 /* SceneDelegate.swift in Sources */ = {isa = PBXBuildFile; fileRef = 3D1A8D1426285CD400691570 /* SceneDelegate.swift */; };
		3D1A8D1A26285CD400691570 /* Main.storyboard in Resources */ = {isa = PBXBuildFile; fileRef = 3D1A8D1826285CD400691570 /* Main.storyboard */; };
		3D1A8D1C26285CD500691570 /* Assets.xcassets in Resources */ = {isa = PBXBuildFile; fileRef = 3D1A8D1B26285CD500691570 /* Assets.xcassets */; };
		3D1A8D1F26285CD500691570 /* LaunchScreen.storyboard in Resources */ = {isa = PBXBuildFile; fileRef = 3D1A8D1D26285CD500691570 /* LaunchScreen.storyboard */; };
		3D1A8D2826286A2600691570 /* AppTabbarController.swift in Sources */ = {isa = PBXBuildFile; fileRef = 3D1A8D2726286A2600691570 /* AppTabbarController.swift */; };
		3D1A8D2B26286F7B00691570 /* HomeViewController.swift in Sources */ = {isa = PBXBuildFile; fileRef = 3D1A8D2A26286F7B00691570 /* HomeViewController.swift */; };
		3D1A8D2E26286F8C00691570 /* SearchViewController.swift in Sources */ = {isa = PBXBuildFile; fileRef = 3D1A8D2D26286F8C00691570 /* SearchViewController.swift */; };
		3D1A8D362628A26D00691570 /* RecommandListViewController.swift in Sources */ = {isa = PBXBuildFile; fileRef = 3D1A8D352628A26D00691570 /* RecommandListViewController.swift */; };
		3D9A307B2634407F0087567D /* Kingfisher in Frameworks */ = {isa = PBXBuildFile; productRef = 3D9A307A2634407F0087567D /* Kingfisher */; };
		3DD3CFA9263A857A00C8C639 /* Player.storyboard in Resources */ = {isa = PBXBuildFile; fileRef = 3DD3CFA8263A857A00C8C639 /* Player.storyboard */; };
		3DD3CFAB263A85A000C8C639 /* PlayerViewController.swift in Sources */ = {isa = PBXBuildFile; fileRef = 3DD3CFAA263A85A000C8C639 /* PlayerViewController.swift */; };
/* End PBXBuildFile section */

/* Begin PBXFileReference section */
		3D1A8D0F26285CD400691570 /* MyNetflix.app */ = {isa = PBXFileReference; explicitFileType = wrapper.application; includeInIndex = 0; path = MyNetflix.app; sourceTree = BUILT_PRODUCTS_DIR; };
		3D1A8D1226285CD400691570 /* AppDelegate.swift */ = {isa = PBXFileReference; lastKnownFileType = sourcecode.swift; path = AppDelegate.swift; sourceTree = "<group>"; };
		3D1A8D1426285CD400691570 /* SceneDelegate.swift */ = {isa = PBXFileReference; lastKnownFileType = sourcecode.swift; path = SceneDelegate.swift; sourceTree = "<group>"; };
		3D1A8D1926285CD400691570 /* Base */ = {isa = PBXFileReference; lastKnownFileType = file.storyboard; name = Base; path = Base.lproj/Main.storyboard; sourceTree = "<group>"; };
		3D1A8D1B26285CD500691570 /* Assets.xcassets */ = {isa = PBXFileReference; lastKnownFileType = folder.assetcatalog; path = Assets.xcassets; sourceTree = "<group>"; };
		3D1A8D1E26285CD500691570 /* Base */ = {isa = PBXFileReference; lastKnownFileType = file.storyboard; name = Base; path = Base.lproj/LaunchScreen.storyboard; sourceTree = "<group>"; };
		3D1A8D2026285CD500691570 /* Info.plist */ = {isa = PBXFileReference; lastKnownFileType = text.plist.xml; path = Info.plist; sourceTree = "<group>"; };
		3D1A8D2726286A2600691570 /* AppTabbarController.swift */ = {isa = PBXFileReference; lastKnownFileType = sourcecode.swift; path = AppTabbarController.swift; sourceTree = "<group>"; };
		3D1A8D2A26286F7B00691570 /* HomeViewController.swift */ = {isa = PBXFileReference; lastKnownFileType = sourcecode.swift; name = HomeViewController.swift; path = Assets.xcassets/HomeViewController.swift; sourceTree = "<group>"; };
		3D1A8D2D26286F8C00691570 /* SearchViewController.swift */ = {isa = PBXFileReference; lastKnownFileType = sourcecode.swift; path = SearchViewController.swift; sourceTree = "<group>"; };
		3D1A8D352628A26D00691570 /* RecommandListViewController.swift */ = {isa = PBXFileReference; lastKnownFileType = sourcecode.swift; path = RecommandListViewController.swift; sourceTree = "<group>"; };
		3DD3CFA8263A857A00C8C639 /* Player.storyboard */ = {isa = PBXFileReference; lastKnownFileType = file.storyboard; path = Player.storyboard; sourceTree = "<group>"; };
		3DD3CFAA263A85A000C8C639 /* PlayerViewController.swift */ = {isa = PBXFileReference; lastKnownFileType = sourcecode.swift; path = PlayerViewController.swift; sourceTree = "<group>"; };
/* End PBXFileReference section */

/* Begin PBXFrameworksBuildPhase section */
		3D1A8D0C26285CD400691570 /* Frameworks */ = {
			isa = PBXFrameworksBuildPhase;
			buildActionMask = 2147483647;
			files = (
				3D9A307B2634407F0087567D /* Kingfisher in Frameworks */,
			);
			runOnlyForDeploymentPostprocessing = 0;
		};
/* End PBXFrameworksBuildPhase section */

/* Begin PBXGroup section */
		3D1A8D0626285CD400691570 = {
			isa = PBXGroup;
			children = (
				3D1A8D1126285CD400691570 /* MyNetflix */,
				3D1A8D1026285CD400691570 /* Products */,
			);
			sourceTree = "<group>";
		};
		3D1A8D1026285CD400691570 /* Products */ = {
			isa = PBXGroup;
			children = (
				3D1A8D0F26285CD400691570 /* MyNetflix.app */,
			);
			name = Products;
			sourceTree = "<group>";
		};
		3D1A8D1126285CD400691570 /* MyNetflix */ = {
			isa = PBXGroup;
			children = (
				3D1A8D1226285CD400691570 /* AppDelegate.swift */,
				3D1A8D1426285CD400691570 /* SceneDelegate.swift */,
				3D1A8D1826285CD400691570 /* Main.storyboard */,
				3D1A8D1B26285CD500691570 /* Assets.xcassets */,
				3D1A8D1D26285CD500691570 /* LaunchScreen.storyboard */,
				3D1A8D2026285CD500691570 /* Info.plist */,
				3D1A8D2726286A2600691570 /* AppTabbarController.swift */,
				3D1A8D2A26286F7B00691570 /* HomeViewController.swift */,
				3D1A8D2D26286F8C00691570 /* SearchViewController.swift */,
				3D1A8D352628A26D00691570 /* RecommandListViewController.swift */,
				3DD3CFA8263A857A00C8C639 /* Player.storyboard */,
				3DD3CFAA263A85A000C8C639 /* PlayerViewController.swift */,
			);
			path = MyNetflix;
			sourceTree = "<group>";
		};
/* End PBXGroup section */

/* Begin PBXNativeTarget section */
		3D1A8D0E26285CD400691570 /* MyNetflix */ = {
			isa = PBXNativeTarget;
			buildConfigurationList = 3D1A8D2326285CD500691570 /* Build configuration list for PBXNativeTarget "MyNetflix" */;
			buildPhases = (
				3D1A8D0B26285CD400691570 /* Sources */,
				3D1A8D0C26285CD400691570 /* Frameworks */,
				3D1A8D0D26285CD400691570 /* Resources */,
			);
			buildRules = (
			);
			dependencies = (
			);
			name = MyNetflix;
			packageProductDependencies = (
				3D9A307A2634407F0087567D /* Kingfisher */,
			);
			productName = MyNetflix;
			productReference = 3D1A8D0F26285CD400691570 /* MyNetflix.app */;
			productType = "com.apple.product-type.application";
		};
/* End PBXNativeTarget section */

/* Begin PBXProject section */
		3D1A8D0726285CD400691570 /* Project object */ = {
			isa = PBXProject;
			attributes = {
				LastSwiftUpdateCheck = 1240;
				LastUpgradeCheck = 1240;
				TargetAttributes = {
					3D1A8D0E26285CD400691570 = {
						CreatedOnToolsVersion = 12.4;
					};
				};
			};
			buildConfigurationList = 3D1A8D0A26285CD400691570 /* Build configuration list for PBXProject "MyNetflix" */;
			compatibilityVersion = "Xcode 9.3";
			developmentRegion = en;
			hasScannedForEncodings = 0;
			knownRegions = (
				en,
				Base,
			);
			mainGroup = 3D1A8D0626285CD400691570;
			packageReferences = (
				3D9A30792634407F0087567D /* XCRemoteSwiftPackageReference "Kingfisher" */,
			);
			productRefGroup = 3D1A8D1026285CD400691570 /* Products */;
			projectDirPath = "";
			projectRoot = "";
			targets = (
				3D1A8D0E26285CD400691570 /* MyNetflix */,
			);
		};
/* End PBXProject section */

/* Begin PBXResourcesBuildPhase section */
		3D1A8D0D26285CD400691570 /* Resources */ = {
			isa = PBXResourcesBuildPhase;
			buildActionMask = 2147483647;
			files = (
				3D1A8D1F26285CD500691570 /* LaunchScreen.storyboard in Resources */,
				3DD3CFA9263A857A00C8C639 /* Player.storyboard in Resources */,
				3D1A8D1C26285CD500691570 /* Assets.xcassets in Resources */,
				3D1A8D1A26285CD400691570 /* Main.storyboard in Resources */,
			);
			runOnlyForDeploymentPostprocessing = 0;
		};
/* End PBXResourcesBuildPhase section */

/* Begin PBXSourcesBuildPhase section */
		3D1A8D0B26285CD400691570 /* Sources */ = {
			isa = PBXSourcesBuildPhase;
			buildActionMask = 2147483647;
			files = (
				3D1A8D2E26286F8C00691570 /* SearchViewController.swift in Sources */,
				3D1A8D2B26286F7B00691570 /* HomeViewController.swift in Sources */,
				3D1A8D2826286A2600691570 /* AppTabbarController.swift in Sources */,
				3DD3CFAB263A85A000C8C639 /* PlayerViewController.swift in Sources */,
				3D1A8D362628A26D00691570 /* RecommandListViewController.swift in Sources */,
				3D1A8D1326285CD400691570 /* AppDelegate.swift in Sources */,
				3D1A8D1526285CD400691570 /* SceneDelegate.swift in Sources */,
			);
			runOnlyForDeploymentPostprocessing = 0;
		};
/* End PBXSourcesBuildPhase section */

/* Begin PBXVariantGroup section */
		3D1A8D1826285CD400691570 /* Main.storyboard */ = {
			isa = PBXVariantGroup;
			children = (
				3D1A8D1926285CD400691570 /* Base */,
			);
			name = Main.storyboard;
			sourceTree = "<group>";
		};
		3D1A8D1D26285CD500691570 /* LaunchScreen.storyboard */ = {
			isa = PBXVariantGroup;
			children = (
				3D1A8D1E26285CD500691570 /* Base */,
			);
			name = LaunchScreen.storyboard;
			sourceTree = "<group>";
		};
/* End PBXVariantGroup section */

/* Begin XCBuildConfiguration section */
		3D1A8D2126285CD500691570 /* Debug */ = {
			isa = XCBuildConfiguration;
			buildSettings = {
				ALWAYS_SEARCH_USER_PATHS = NO;
				CLANG_ANALYZER_NONNULL = YES;
				CLANG_ANALYZER_NUMBER_OBJECT_CONVERSION = YES_AGGRESSIVE;
				CLANG_CXX_LANGUAGE_STANDARD = "gnu++14";
				CLANG_CXX_LIBRARY = "libc++";
				CLANG_ENABLE_MODULES = YES;
				CLANG_ENABLE_OBJC_ARC = YES;
				CLANG_ENABLE_OBJC_WEAK = YES;
				CLANG_WARN_BLOCK_CAPTURE_AUTORELEASING = YES;
				CLANG_WARN_BOOL_CONVERSION = YES;
				CLANG_WARN_COMMA = YES;
				CLANG_WARN_CONSTANT_CONVERSION = YES;
				CLANG_WARN_DEPRECATED_OBJC_IMPLEMENTATIONS = YES;
				CLANG_WARN_DIRECT_OBJC_ISA_USAGE = YES_ERROR;
				CLANG_WARN_DOCUMENTATION_COMMENTS = YES;
				CLANG_WARN_EMPTY_BODY = YES;
				CLANG_WARN_ENUM_CONVERSION = YES;
				CLANG_WARN_INFINITE_RECURSION = YES;
				CLANG_WARN_INT_CONVERSION = YES;
				CLANG_WARN_NON_LITERAL_NULL_CONVERSION = YES;
				CLANG_WARN_OBJC_IMPLICIT_RETAIN_SELF = YES;
				CLANG_WARN_OBJC_LITERAL_CONVERSION = YES;
				CLANG_WARN_OBJC_ROOT_CLASS = YES_ERROR;
				CLANG_WARN_QUOTED_INCLUDE_IN_FRAMEWORK_HEADER = YES;
				CLANG_WARN_RANGE_LOOP_ANALYSIS = YES;
				CLANG_WARN_STRICT_PROTOTYPES = YES;
				CLANG_WARN_SUSPICIOUS_MOVE = YES;
				CLANG_WARN_UNGUARDED_AVAILABILITY = YES_AGGRESSIVE;
				CLANG_WARN_UNREACHABLE_CODE = YES;
				CLANG_WARN__DUPLICATE_METHOD_MATCH = YES;
				COPY_PHASE_STRIP = NO;
				DEBUG_INFORMATION_FORMAT = dwarf;
				ENABLE_STRICT_OBJC_MSGSEND = YES;
				ENABLE_TESTABILITY = YES;
				GCC_C_LANGUAGE_STANDARD = gnu11;
				GCC_DYNAMIC_NO_PIC = NO;
				GCC_NO_COMMON_BLOCKS = YES;
				GCC_OPTIMIZATION_LEVEL = 0;
				GCC_PREPROCESSOR_DEFINITIONS = (
					"DEBUG=1",
					"$(inherited)",
				);
				GCC_WARN_64_TO_32_BIT_CONVERSION = YES;
				GCC_WARN_ABOUT_RETURN_TYPE = YES_ERROR;
				GCC_WARN_UNDECLARED_SELECTOR = YES;
				GCC_WARN_UNINITIALIZED_AUTOS = YES_AGGRESSIVE;
				GCC_WARN_UNUSED_FUNCTION = YES;
				GCC_WARN_UNUSED_VARIABLE = YES;
				IPHONEOS_DEPLOYMENT_TARGET = 14.4;
				MTL_ENABLE_DEBUG_INFO = INCLUDE_SOURCE;
				MTL_FAST_MATH = YES;
				ONLY_ACTIVE_ARCH = YES;
				SDKROOT = iphoneos;
				SWIFT_ACTIVE_COMPILATION_CONDITIONS = DEBUG;
				SWIFT_OPTIMIZATION_LEVEL = "-Onone";
			};
			name = Debug;
		};
		3D1A8D2226285CD500691570 /* Release */ = {
			isa = XCBuildConfiguration;
			buildSettings = {
				ALWAYS_SEARCH_USER_PATHS = NO;
				CLANG_ANALYZER_NONNULL = YES;
				CLANG_ANALYZER_NUMBER_OBJECT_CONVERSION = YES_AGGRESSIVE;
				CLANG_CXX_LANGUAGE_STANDARD = "gnu++14";
				CLANG_CXX_LIBRARY = "libc++";
				CLANG_ENABLE_MODULES = YES;
				CLANG_ENABLE_OBJC_ARC = YES;
				CLANG_ENABLE_OBJC_WEAK = YES;
				CLANG_WARN_BLOCK_CAPTURE_AUTORELEASING = YES;
				CLANG_WARN_BOOL_CONVERSION = YES;
				CLANG_WARN_COMMA = YES;
				CLANG_WARN_CONSTANT_CONVERSION = YES;
				CLANG_WARN_DEPRECATED_OBJC_IMPLEMENTATIONS = YES;
				CLANG_WARN_DIRECT_OBJC_ISA_USAGE = YES_ERROR;
				CLANG_WARN_DOCUMENTATION_COMMENTS = YES;
				CLANG_WARN_EMPTY_BODY = YES;
				CLANG_WARN_ENUM_CONVERSION = YES;
				CLANG_WARN_INFINITE_RECURSION = YES;
				CLANG_WARN_INT_CONVERSION = YES;
				CLANG_WARN_NON_LITERAL_NULL_CONVERSION = YES;
				CLANG_WARN_OBJC_IMPLICIT_RETAIN_SELF = YES;
				CLANG_WARN_OBJC_LITERAL_CONVERSION = YES;
				CLANG_WARN_OBJC_ROOT_CLASS = YES_ERROR;
				CLANG_WARN_QUOTED_INCLUDE_IN_FRAMEWORK_HEADER = YES;
				CLANG_WARN_RANGE_LOOP_ANALYSIS = YES;
				CLANG_WARN_STRICT_PROTOTYPES = YES;
				CLANG_WARN_SUSPICIOUS_MOVE = YES;
				CLANG_WARN_UNGUARDED_AVAILABILITY = YES_AGGRESSIVE;
				CLANG_WARN_UNREACHABLE_CODE = YES;
				CLANG_WARN__DUPLICATE_METHOD_MATCH = YES;
				COPY_PHASE_STRIP = NO;
				DEBUG_INFORMATION_FORMAT = "dwarf-with-dsym";
				ENABLE_NS_ASSERTIONS = NO;
				ENABLE_STRICT_OBJC_MSGSEND = YES;
				GCC_C_LANGUAGE_STANDARD = gnu11;
				GCC_NO_COMMON_BLOCKS = YES;
				GCC_WARN_64_TO_32_BIT_CONVERSION = YES;
				GCC_WARN_ABOUT_RETURN_TYPE = YES_ERROR;
				GCC_WARN_UNDECLARED_SELECTOR = YES;
				GCC_WARN_UNINITIALIZED_AUTOS = YES_AGGRESSIVE;
				GCC_WARN_UNUSED_FUNCTION = YES;
				GCC_WARN_UNUSED_VARIABLE = YES;
				IPHONEOS_DEPLOYMENT_TARGET = 14.4;
				MTL_ENABLE_DEBUG_INFO = NO;
				MTL_FAST_MATH = YES;
				SDKROOT = iphoneos;
				SWIFT_COMPILATION_MODE = wholemodule;
				SWIFT_OPTIMIZATION_LEVEL = "-O";
				VALIDATE_PRODUCT = YES;
			};
			name = Release;
		};
		3D1A8D2426285CD500691570 /* Debug */ = {
			isa = XCBuildConfiguration;
			buildSettings = {
				ASSETCATALOG_COMPILER_APPICON_NAME = AppIcon;
				ASSETCATALOG_COMPILER_GLOBAL_ACCENT_COLOR_NAME = AccentColor;
				CODE_SIGN_STYLE = Automatic;
				DEVELOPMENT_TEAM = C88Z6A5WMW;
				INFOPLIST_FILE = MyNetflix/Info.plist;
				LD_RUNPATH_SEARCH_PATHS = (
					"$(inherited)",
					"@executable_path/Frameworks",
				);
				PRODUCT_BUNDLE_IDENTIFIER = com.yeongwoo.MyNetflix;
				PRODUCT_NAME = "$(TARGET_NAME)";
				SWIFT_VERSION = 5.0;
				TARGETED_DEVICE_FAMILY = "1,2";
			};
			name = Debug;
		};
		3D1A8D2526285CD500691570 /* Release */ = {
			isa = XCBuildConfiguration;
			buildSettings = {
				ASSETCATALOG_COMPILER_APPICON_NAME = AppIcon;
				ASSETCATALOG_COMPILER_GLOBAL_ACCENT_COLOR_NAME = AccentColor;
				CODE_SIGN_STYLE = Automatic;
				DEVELOPMENT_TEAM = C88Z6A5WMW;
				INFOPLIST_FILE = MyNetflix/Info.plist;
				LD_RUNPATH_SEARCH_PATHS = (
					"$(inherited)",
					"@executable_path/Frameworks",
				);
				PRODUCT_BUNDLE_IDENTIFIER = com.yeongwoo.MyNetflix;
				PRODUCT_NAME = "$(TARGET_NAME)";
				SWIFT_VERSION = 5.0;
				TARGETED_DEVICE_FAMILY = "1,2";
			};
			name = Release;
		};
/* End XCBuildConfiguration section */

/* Begin XCConfigurationList section */
		3D1A8D0A26285CD400691570 /* Build configuration list for PBXProject "MyNetflix" */ = {
			isa = XCConfigurationList;
			buildConfigurations = (
				3D1A8D2126285CD500691570 /* Debug */,
				3D1A8D2226285CD500691570 /* Release */,
			);
			defaultConfigurationIsVisible = 0;
			defaultConfigurationName = Release;
		};
		3D1A8D2326285CD500691570 /* Build configuration list for PBXNativeTarget "MyNetflix" */ = {
			isa = XCConfigurationList;
			buildConfigurations = (
				3D1A8D2426285CD500691570 /* Debug */,
				3D1A8D2526285CD500691570 /* Release */,
			);
			defaultConfigurationIsVisible = 0;
			defaultConfigurationName = Release;
		};
/* End XCConfigurationList section */

/* Begin XCRemoteSwiftPackageReference section */
		3D9A30792634407F0087567D /* XCRemoteSwiftPackageReference "Kingfisher" */ = {
			isa = XCRemoteSwiftPackageReference;
			repositoryURL = "https://github.com/onevcat/Kingfisher";
			requirement = {
				kind = upToNextMajorVersion;
				minimumVersion = 6.3.0;
			};
		};
/* End XCRemoteSwiftPackageReference section */

/* Begin XCSwiftPackageProductDependency section */
		3D9A307A2634407F0087567D /* Kingfisher */ = {
			isa = XCSwiftPackageProductDependency;
			package = 3D9A30792634407F0087567D /* XCRemoteSwiftPackageReference "Kingfisher" */;
			productName = Kingfisher;
		};
/* End XCSwiftPackageProductDependency section */
	};
	rootObject = 3D1A8D0726285CD400691570 /* Project object */;
}
